
Microsoft Visual Studio Solution File, Format Version 11.00
# Visual Studio 2010
Project("{FAE04EC0-301F-11D3-BF4B-00C04F79EFBC}") = "TestPlayer", "HlsPlayer\TestPlayer.csproj", "{88BDF93D-8634-40E5-BBCB-B1736777E665}"
EndProject
Project("{FAE04EC0-301F-11D3-BF4B-00C04F79EFBC}") = "TestPlayer.Web", "HlsPlayer.Web\TestPlayer.Web.csproj", "{2AC2D0C7-44E7-4D8F-9296-8782FE675A9D}"
EndProject
Project("{FAE04EC0-301F-11D3-BF4B-00C04F79EFBC}") = "HlsMediaStreamSource", "MediaStreamSource\HlsMediaStreamSource.csproj", "{C32EA3D8-28BD-49A6-9E5D-AE82B1AC139A}"
EndProject
Project("{2150E333-8FDC-42A3-9474-1A3956D46DE8}") = "Dependencies", "Dependencies", "{EDD7CB49-BC70-4A15-A129-8C9248772F41}"
EndProject
Project("{2150E333-8FDC-42A3-9474-1A3956D46DE8}") = "Samples", "Samples", "{805923C3-FFDB-444D-BDC8-F61E64BE36E5}"
	ProjectSection(SolutionItems) = preProject
		Samples\robinhood_clip.m3u8 = Samples\robinhood_clip.m3u8
		Samples\robinhood_wifi.m3u8 = Samples\robinhood_wifi.m3u8
	EndProjectSection
EndProject
Project("{FAE04EC0-301F-11D3-BF4B-00C04F79EFBC}") = "Behaviours", "Behaviours\Behaviours.csproj", "{C9BFD8E8-6BED-4519-B1AC-D3F9150A8848}"
EndProject
Global
	GlobalSection(SolutionConfigurationPlatforms) = preSolution
		Debug|Any CPU = Debug|Any CPU
		Release|Any CPU = Release|Any CPU
	EndGlobalSection
	GlobalSection(ProjectConfigurationPlatforms) = postSolution
		{88BDF93D-8634-40E5-BBCB-B1736777E665}.Debug|Any CPU.ActiveCfg = Debug|Any CPU
		{88BDF93D-8634-40E5-BBCB-B1736777E665}.Debug|Any CPU.Build.0 = Debug|Any CPU
		{88BDF93D-8634-40E5-BBCB-B1736777E665}.Release|Any CPU.ActiveCfg = Release|Any CPU
		{88BDF93D-8634-40E5-BBCB-B1736777E665}.Release|Any CPU.Build.0 = Release|Any CPU
		{2AC2D0C7-44E7-4D8F-9296-8782FE675A9D}.Debug|Any CPU.ActiveCfg = Debug|Any CPU
		{2AC2D0C7-44E7-4D8F-9296-8782FE675A9D}.Debug|Any CPU.Build.0 = Debug|Any CPU
		{2AC2D0C7-44E7-4D8F-9296-8782FE675A9D}.Release|Any CPU.ActiveCfg = Release|Any CPU
		{2AC2D0C7-44E7-4D8F-9296-8782FE675A9D}.Release|Any CPU.Build.0 = Release|Any CPU
		{C32EA3D8-28BD-49A6-9E5D-AE82B1AC139A}.Debug|Any CPU.ActiveCfg = Debug|Any CPU
		{C32EA3D8-28BD-49A6-9E5D-AE82B1AC139A}.Debug|Any CPU.Build.0 = Debug|Any CPU
		{C32EA3D8-28BD-49A6-9E5D-AE82B1AC139A}.Release|Any CPU.ActiveCfg = Release|Any CPU
		{C32EA3D8-28BD-49A6-9E5D-AE82B1AC139A}.Release|Any CPU.Build.0 = Release|Any CPU
		{C9BFD8E8-6BED-4519-B1AC-D3F9150A8848}.Debug|Any CPU.ActiveCfg = Debug|Any CPU
		{C9BFD8E8-6BED-4519-B1AC-D3F9150A8848}.Debug|Any CPU.Build.0 = Debug|Any CPU
		{C9BFD8E8-6BED-4519-B1AC-D3F9150A8848}.Release|Any CPU.ActiveCfg = Release|Any CPU
		{C9BFD8E8-6BED-4519-B1AC-D3F9150A8848}.Release|Any CPU.Build.0 = Release|Any CPU
	EndGlobalSection
	GlobalSection(SolutionProperties) = preSolution
		HideSolutionNode = FALSE
	EndGlobalSection
EndGlobal
